
Microsoft Visual Studio Solution File, Format Version 12.00
# Visual Studio Version 16
VisualStudioVersion = 16.0.32901.82
MinimumVisualStudioVersion = 10.0.40219.1
Project("{FAE04EC0-301F-11D3-BF4B-00C04F79EFBC}") = "SkiaSharpCOM", "SkiaSharpCOM\SkiaSharpCOM.csproj", "{A22DF5E3-B097-46C4-AA41-8DD722D02ABF}"
EndProject
Project("{FAE04EC0-301F-11D3-BF4B-00C04F79EFBC}") = "RunnerTester", "RunnerTester\RunnerTester.csproj", "{10E8A893-5934-40FE-B282-2A8DDC4464B8}"
EndProject
Global
	GlobalSection(SolutionConfigurationPlatforms) = preSolution
		Debug|Any CPU = Debug|Any CPU
		Release|Any CPU = Release|Any CPU
	EndGlobalSection
	GlobalSection(ProjectConfigurationPlatforms) = postSolution
		{A22DF5E3-B097-46C4-AA41-8DD722D02ABF}.Debug|Any CPU.ActiveCfg = Debug|Any CPU
		{A22DF5E3-B097-46C4-AA41-8DD722D02ABF}.Debug|Any CPU.Build.0 = Debug|Any CPU
		{A22DF5E3-B097-46C4-AA41-8DD722D02ABF}.Release|Any CPU.ActiveCfg = Release|Any CPU
		{A22DF5E3-B097-46C4-AA41-8DD722D02ABF}.Release|Any CPU.Build.0 = Release|Any CPU
		{10E8A893-5934-40FE-B282-2A8DDC4464B8}.Debug|Any CPU.ActiveCfg = Debug|Any CPU
		{10E8A893-5934-40FE-B282-2A8DDC4464B8}.Debug|Any CPU.Build.0 = Debug|Any CPU
		{10E8A893-5934-40FE-B282-2A8DDC4464B8}.Release|Any CPU.ActiveCfg = Release|Any CPU
		{10E8A893-5934-40FE-B282-2A8DDC4464B8}.Release|Any CPU.Build.0 = Release|Any CPU
	EndGlobalSection
	GlobalSection(SolutionProperties) = preSolution
		HideSolutionNode = FALSE
	EndGlobalSection
	GlobalSection(ExtensibilityGlobals) = postSolution
		SolutionGuid = {576E7A56-EFE6-4C44-BDB2-8DE71F6D417B}
	EndGlobalSection
EndGlobal
